
Microsoft Visual Studio Solution File, Format Version 12.00
# Visual Studio Version 17
VisualStudioVersion = 17.0.31903.59
MinimumVisualStudioVersion = 10.0.40219.1
Project("{FAE04EC0-301F-11D3-BF4B-00C04F79EFBC}") = "minimal-api", "Api\minimal-api.csproj", "{BA94D18A-00CA-429E-B3A7-00646512D454}"
EndProject
Project("{FAE04EC0-301F-11D3-BF4B-00C04F79EFBC}") = "Test", "Test\Test.csproj", "{65457CDF-4C2D-46DC-8DB2-A1490E45E596}"
EndProject
Global
	GlobalSection(SolutionConfigurationPlatforms) = preSolution
		Debug|Any CPU = Debug|Any CPU
		Release|Any CPU = Release|Any CPU
	EndGlobalSection
	GlobalSection(SolutionProperties) = preSolution
		HideSolutionNode = FALSE
	EndGlobalSection
	GlobalSection(ProjectConfigurationPlatforms) = postSolution
		{BA94D18A-00CA-429E-B3A7-00646512D454}.Debug|Any CPU.ActiveCfg = Debug|Any CPU
		{BA94D18A-00CA-429E-B3A7-00646512D454}.Debug|Any CPU.Build.0 = Debug|Any CPU
		{BA94D18A-00CA-429E-B3A7-00646512D454}.Release|Any CPU.ActiveCfg = Release|Any CPU
		{BA94D18A-00CA-429E-B3A7-00646512D454}.Release|Any CPU.Build.0 = Release|Any CPU
		{65457CDF-4C2D-46DC-8DB2-A1490E45E596}.Debug|Any CPU.ActiveCfg = Debug|Any CPU
		{65457CDF-4C2D-46DC-8DB2-A1490E45E596}.Debug|Any CPU.Build.0 = Debug|Any CPU
		{65457CDF-4C2D-46DC-8DB2-A1490E45E596}.Release|Any CPU.ActiveCfg = Release|Any CPU
		{65457CDF-4C2D-46DC-8DB2-A1490E45E596}.Release|Any CPU.Build.0 = Release|Any CPU
	EndGlobalSection
EndGlobal
